{
  "name": "rails-2gaijin",
  "version": "1.0.0",
  "lockfileVersion": 1,
  "requires": true,
  "dependencies": {
    "ez-plus": {
      "version": "1.2.1",
      "resolved": "https://registry.npmjs.org/ez-plus/-/ez-plus-1.2.1.tgz",
      "integrity": "sha1-sW3KFV51lEMB/c3jzNmnlEpvmcM="
    },
    "fancybox-plus": {
      "version": "1.3.8",
      "resolved": "https://registry.npmjs.org/fancybox-plus/-/fancybox-plus-1.3.8.tgz",
      "integrity": "sha1-Xn1dfN/BUlCAs6apIwGHy/wWwfM=",
      "requires": {
        "jquery": ">=2.1.4"
      }
    },
    "jquery": {
      "version": "3.4.1",
      "resolved": "https://registry.npmjs.org/jquery/-/jquery-3.4.1.tgz",
      "integrity": "sha512-36+AdBzCL+y6qjw5Tx7HgzeGCzC81MDDgaUP8ld2zhx58HdqXGoBd+tHdrBMiyjGQs0Hxs/MLZTu/eHNJJuWPw=="
    },
    "location-picker": {
      "version": "1.1.1",
      "resolved": "https://registry.npmjs.org/location-picker/-/location-picker-1.1.1.tgz",
      "integrity": "sha512-pG1HxHeJfu7hRu06hmfP81Q/6m4pOdl22kya7hAdwtqqEl+84NXxrIiPExipRu0rcTchP7YUu316TQAxjnneGQ=="
    },
    "pretty-checkbox": {
      "version": "3.0.3",
      "resolved": "https://registry.npmjs.org/pretty-checkbox/-/pretty-checkbox-3.0.3.tgz",
      "integrity": "sha1-1JyAE6j8CO4MLW695FNGS/28Qo4="
    },
    "rippleria": {
      "version": "1.0.2",
      "resolved": "https://registry.npmjs.org/rippleria/-/rippleria-1.0.2.tgz",
      "integrity": "sha512-1fVrX15Ey5Dycee+blJ327j7RmtXQiOBlA6HtoB5GRxSZ37urPtUihYxlYrQF1dtu/gHLoyhYbJTxVdjts8acQ=="
    },
    "smoothscroll-polyfill": {
      "version": "0.4.4",
      "resolved": "https://registry.npmjs.org/smoothscroll-polyfill/-/smoothscroll-polyfill-0.4.4.tgz",
      "integrity": "sha512-TK5ZA9U5RqCwMpfoMq/l1mrH0JAR7y7KRvOBx0n2869aLxch+gT9GhN3yUfjiw+d/DiF1mKo14+hd62JyMmoBg=="
    },
    "sweetalert2": {
      "version": "8.17.6",
      "resolved": "https://registry.npmjs.org/sweetalert2/-/sweetalert2-8.17.6.tgz",
      "integrity": "sha512-5V/zlNr/WXOW+Hmu2Sn0tCzd2+FvjVZv99i0gNYN7dk31VSPYM9mNuF5QUz5OVq49yYMpOV+F2Qslup8nnm4MQ=="
    },
    "underscore": {
      "version": "1.9.1",
      "resolved": "https://registry.npmjs.org/underscore/-/underscore-1.9.1.tgz",
      "integrity": "sha512-5/4etnCkd9c8gwgowi5/om/mYO5ajCaOgdzj/oW+0eQV9WxKBDZw5+ycmKmeaTXjInS/W0BzpGLo2xR2aBwZdg=="
    }
  }
}
