{
  "name": "rails-2gaijin",
  "version": "1.0.0",
  "lockfileVersion": 1,
  "requires": true,
  "dependencies": {
    "location-picker": {
      "version": "1.1.1",
      "resolved": "https://registry.npmjs.org/location-picker/-/location-picker-1.1.1.tgz",
      "integrity": "sha512-pG1HxHeJfu7hRu06hmfP81Q/6m4pOdl22kya7hAdwtqqEl+84NXxrIiPExipRu0rcTchP7YUu316TQAxjnneGQ=="
    },
    "smoothscroll-polyfill": {
      "version": "0.4.4",
      "resolved": "https://registry.npmjs.org/smoothscroll-polyfill/-/smoothscroll-polyfill-0.4.4.tgz",
      "integrity": "sha512-TK5ZA9U5RqCwMpfoMq/l1mrH0JAR7y7KRvOBx0n2869aLxch+gT9GhN3yUfjiw+d/DiF1mKo14+hd62JyMmoBg=="
    },
    "sweetalert2": {
      "version": "8.17.6",
      "resolved": "https://registry.npmjs.org/sweetalert2/-/sweetalert2-8.17.6.tgz",
      "integrity": "sha512-5V/zlNr/WXOW+Hmu2Sn0tCzd2+FvjVZv99i0gNYN7dk31VSPYM9mNuF5QUz5OVq49yYMpOV+F2Qslup8nnm4MQ=="
    },
    "underscore": {
      "version": "1.9.1",
      "resolved": "https://registry.npmjs.org/underscore/-/underscore-1.9.1.tgz",
      "integrity": "sha512-5/4etnCkd9c8gwgowi5/om/mYO5ajCaOgdzj/oW+0eQV9WxKBDZw5+ycmKmeaTXjInS/W0BzpGLo2xR2aBwZdg=="
    }
  }
}
