# THIS IS AN AUTOGENERATED FILE. DO NOT EDIT THIS FILE DIRECTLY.
# yarn lockfile v1


ez-plus@^1.2.1:
  version "1.2.1"
  resolved "https://registry.yarnpkg.com/ez-plus/-/ez-plus-1.2.1.tgz#b16dca155e75944301fdcde3ccd9a7944a6f99c3"
  integrity sha1-sW3KFV51lEMB/c3jzNmnlEpvmcM=

fancybox-plus@^1.3.8:
  version "1.3.8"
  resolved "https://registry.yarnpkg.com/fancybox-plus/-/fancybox-plus-1.3.8.tgz#5e7d5d7cdfc1525080b3a6a9230187cbfc16c1f3"
  integrity sha1-Xn1dfN/BUlCAs6apIwGHy/wWwfM=
  dependencies:
    jquery ">=2.1.4"

jquery@>=2.1.4:
  version "3.4.1"
  resolved "https://registry.yarnpkg.com/jquery/-/jquery-3.4.1.tgz#714f1f8d9dde4bdfa55764ba37ef214630d80ef2"
  integrity sha512-36+AdBzCL+y6qjw5Tx7HgzeGCzC81MDDgaUP8ld2zhx58HdqXGoBd+tHdrBMiyjGQs0Hxs/MLZTu/eHNJJuWPw==

location-picker@^1.1.1:
  version "1.1.1"
  resolved "https://registry.yarnpkg.com/location-picker/-/location-picker-1.1.1.tgz#d180e24758fcdcabff9784bb6cf4b68e933b1462"
  integrity sha512-pG1HxHeJfu7hRu06hmfP81Q/6m4pOdl22kya7hAdwtqqEl+84NXxrIiPExipRu0rcTchP7YUu316TQAxjnneGQ==

pretty-checkbox@^3.0.3:
  version "3.0.3"
  resolved "https://registry.yarnpkg.com/pretty-checkbox/-/pretty-checkbox-3.0.3.tgz#d49c8013a8fc08ee0c2d6ebde453464bfdbc428e"
  integrity sha1-1JyAE6j8CO4MLW695FNGS/28Qo4=

rippleria@^1.0.2:
  version "1.0.2"
  resolved "https://registry.yarnpkg.com/rippleria/-/rippleria-1.0.2.tgz#3a33ce1278bae910800813c2319353e4b70bdcdf"
  integrity sha512-1fVrX15Ey5Dycee+blJ327j7RmtXQiOBlA6HtoB5GRxSZ37urPtUihYxlYrQF1dtu/gHLoyhYbJTxVdjts8acQ==

smoothscroll-polyfill@^0.4.4:
  version "0.4.4"
  resolved "https://registry.yarnpkg.com/smoothscroll-polyfill/-/smoothscroll-polyfill-0.4.4.tgz#3a259131dc6930e6ca80003e1cb03b603b69abf8"
  integrity sha512-TK5ZA9U5RqCwMpfoMq/l1mrH0JAR7y7KRvOBx0n2869aLxch+gT9GhN3yUfjiw+d/DiF1mKo14+hd62JyMmoBg==

sweetalert2@^8.17.6:
  version "8.18.0"
  resolved "https://registry.yarnpkg.com/sweetalert2/-/sweetalert2-8.18.0.tgz#e8536aa0b1a1474ef36e5350ff4ae0cf473478b3"
  integrity sha512-t8r4oIisUd/fPsd4/YKuiWTKnrxZsolUVk/w7nGhMu5MKsuGh6J5sQ9Jtio+5xKg/w5QOJpH8TUhb5INuVo/YQ==

underscore@1.9.1:
  version "1.9.1"
  resolved "https://registry.yarnpkg.com/underscore/-/underscore-1.9.1.tgz#06dce34a0e68a7babc29b365b8e74b8925203961"
  integrity sha512-5/4etnCkd9c8gwgowi5/om/mYO5ajCaOgdzj/oW+0eQV9WxKBDZw5+ycmKmeaTXjInS/W0BzpGLo2xR2aBwZdg==
