# THIS IS AN AUTOGENERATED FILE. DO NOT EDIT THIS FILE DIRECTLY.
# yarn lockfile v1


location-picker@^1.1.1:
  version "1.1.1"
  resolved "https://registry.yarnpkg.com/location-picker/-/location-picker-1.1.1.tgz#d180e24758fcdcabff9784bb6cf4b68e933b1462"
  integrity sha512-pG1HxHeJfu7hRu06hmfP81Q/6m4pOdl22kya7hAdwtqqEl+84NXxrIiPExipRu0rcTchP7YUu316TQAxjnneGQ==

smoothscroll-polyfill@^0.4.4:
  version "0.4.4"
  resolved "https://registry.yarnpkg.com/smoothscroll-polyfill/-/smoothscroll-polyfill-0.4.4.tgz#3a259131dc6930e6ca80003e1cb03b603b69abf8"
  integrity sha512-TK5ZA9U5RqCwMpfoMq/l1mrH0JAR7y7KRvOBx0n2869aLxch+gT9GhN3yUfjiw+d/DiF1mKo14+hd62JyMmoBg==

sweetalert2@^8.17.6:
  version "8.18.0"
  resolved "https://registry.yarnpkg.com/sweetalert2/-/sweetalert2-8.18.0.tgz#e8536aa0b1a1474ef36e5350ff4ae0cf473478b3"
  integrity sha512-t8r4oIisUd/fPsd4/YKuiWTKnrxZsolUVk/w7nGhMu5MKsuGh6J5sQ9Jtio+5xKg/w5QOJpH8TUhb5INuVo/YQ==

underscore@1.9.1:
  version "1.9.1"
  resolved "https://registry.yarnpkg.com/underscore/-/underscore-1.9.1.tgz#06dce34a0e68a7babc29b365b8e74b8925203961"
  integrity sha512-5/4etnCkd9c8gwgowi5/om/mYO5ajCaOgdzj/oW+0eQV9WxKBDZw5+ycmKmeaTXjInS/W0BzpGLo2xR2aBwZdg==
